// !$*UTF8*$!
{
	archiveVersion = 1;
	classes = {
	};
	objectVersion = 46;
	objects = {

/* Begin PBXBuildFile section */
		025316391EF1504600963DB9 /* AppDelegate.swift in Sources */ = {isa = PBXBuildFile; fileRef = 025316381EF1504600963DB9 /* AppDelegate.swift */; };
		0253163B1EF1504600963DB9 /* ViewController.swift in Sources */ = {isa = PBXBuildFile; fileRef = 0253163A1EF1504600963DB9 /* ViewController.swift */; };
		0253163E1EF1504600963DB9 /* Main.storyboard in Resources */ = {isa = PBXBuildFile; fileRef = 0253163C1EF1504600963DB9 /* Main.storyboard */; };
		025316401EF1504600963DB9 /* Assets.xcassets in Resources */ = {isa = PBXBuildFile; fileRef = 0253163F1EF1504600963DB9 /* Assets.xcassets */; };
		025316431EF1504600963DB9 /* LaunchScreen.storyboard in Resources */ = {isa = PBXBuildFile; fileRef = 025316411EF1504600963DB9 /* LaunchScreen.storyboard */; };
/* End PBXBuildFile section */

/* Begin PBXFileReference section */
		025316351EF1504600963DB9 /* GPSSignal.app */ = {isa = PBXFileReference; explicitFileType = wrapper.application; includeInIndex = 0; path = GPSSignal.app; sourceTree = BUILT_PRODUCTS_DIR; };
		025316381EF1504600963DB9 /* AppDelegate.swift */ = {isa = PBXFileReference; lastKnownFileType = sourcecode.swift; path = AppDelegate.swift; sourceTree = "<group>"; };
		0253163A1EF1504600963DB9 /* ViewController.swift */ = {isa = PBXFileReference; lastKnownFileType = sourcecode.swift; path = ViewController.swift; sourceTree = "<group>"; };
		0253163D1EF1504600963DB9 /* Base */ = {isa = PBXFileReference; lastKnownFileType = file.storyboard; name = Base; path = Base.lproj/Main.storyboard; sourceTree = "<group>"; };
		0253163F1EF1504600963DB9 /* Assets.xcassets */ = {isa = PBXFileReference; lastKnownFileType = folder.assetcatalog; path = Assets.xcassets; sourceTree = "<group>"; };
		025316421EF1504600963DB9 /* Base */ = {isa = PBXFileReference; lastKnownFileType = file.storyboard; name = Base; path = Base.lproj/LaunchScreen.storyboard; sourceTree = "<group>"; };
		025316441EF1504600963DB9 /* Info.plist */ = {isa = PBXFileReference; lastKnownFileType = text.plist.xml; path = Info.plist; sourceTree = "<group>"; };
/* End PBXFileReference section */

/* Begin PBXFrameworksBuildPhase section */
		025316321EF1504600963DB9 /* Frameworks */ = {
			isa = PBXFrameworksBuildPhase;
			buildActionMask = 2147483647;
			files = (
			);
			runOnlyForDeploymentPostprocessing = 0;
		};
/* End PBXFrameworksBuildPhase section */

/* Begin PBXGroup section */
		0253162C1EF1504600963DB9 = {
			isa = PBXGroup;
			children = (
				025316371EF1504600963DB9 /* GPSSignal */,
				025316361EF1504600963DB9 /* Products */,
			);
			sourceTree = "<group>";
		};
		025316361EF1504600963DB9 /* Products */ = {
			isa = PBXGroup;
			children = (
				025316351EF1504600963DB9 /* GPSSignal.app */,
			);
			name = Products;
			sourceTree = "<group>";
		};
		025316371EF1504600963DB9 /* GPSSignal */ = {
			isa = PBXGroup;
			children = (
				025316381EF1504600963DB9 /* AppDelegate.swift */,
				0253163A1EF1504600963DB9 /* ViewController.swift */,
				0253163C1EF1504600963DB9 /* Main.storyboard */,
				0253163F1EF1504600963DB9 /* Assets.xcassets */,
				025316411EF1504600963DB9 /* LaunchScreen.storyboard */,
				025316441EF1504600963DB9 /* Info.plist */,
			);
			path = GPSSignal;
			sourceTree = "<group>";
		};
/* End PBXGroup section */

/* Begin PBXNativeTarget section */
		025316341EF1504600963DB9 /* GPSSignal */ = {
			isa = PBXNativeTarget;
			buildConfigurationList = 025316471EF1504600963DB9 /* Build configuration list for PBXNativeTarget "GPSSignal" */;
			buildPhases = (
				025316311EF1504600963DB9 /* Sources */,
				025316321EF1504600963DB9 /* Frameworks */,
				025316331EF1504600963DB9 /* Resources */,
			);
			buildRules = (
			);
			dependencies = (
			);
			name = GPSSignal;
			productName = GPSSignal;
			productReference = 025316351EF1504600963DB9 /* GPSSignal.app */;
			productType = "com.apple.product-type.application";
		};
/* End PBXNativeTarget section */

/* Begin PBXProject section */
		0253162D1EF1504600963DB9 /* Project object */ = {
			isa = PBXProject;
			attributes = {
				LastSwiftUpdateCheck = 0830;
				LastUpgradeCheck = 0830;
				ORGANIZATIONNAME = "Nik Psaragkathos";
				TargetAttributes = {
					025316341EF1504600963DB9 = {
						CreatedOnToolsVersion = 8.3.3;
						DevelopmentTeam = 34262PW8FS;
						ProvisioningStyle = Automatic;
					};
				};
			};
			buildConfigurationList = 025316301EF1504600963DB9 /* Build configuration list for PBXProject "GPSSignal" */;
			compatibilityVersion = "Xcode 3.2";
			developmentRegion = English;
			hasScannedForEncodings = 0;
			knownRegions = (
				en,
				Base,
			);
			mainGroup = 0253162C1EF1504600963DB9;
			productRefGroup = 025316361EF1504600963DB9 /* Products */;
			projectDirPath = "";
			projectRoot = "";
			targets = (
				025316341EF1504600963DB9 /* GPSSignal */,
			);
		};
/* End PBXProject section */

/* Begin PBXResourcesBuildPhase section */
		025316331EF1504600963DB9 /* Resources */ = {
			isa = PBXResourcesBuildPhase;
			buildActionMask = 2147483647;
			files = (
				025316431EF1504600963DB9 /* LaunchScreen.storyboard in Resources */,
				025316401EF1504600963DB9 /* Assets.xcassets in Resources */,
				0253163E1EF1504600963DB9 /* Main.storyboard in Resources */,
			);
			runOnlyForDeploymentPostprocessing = 0;
		};
/* End PBXResourcesBuildPhase section */

/* Begin PBXSourcesBuildPhase section */
		025316311EF1504600963DB9 /* Sources */ = {
			isa = PBXSourcesBuildPhase;
			buildActionMask = 2147483647;
			files = (
				0253163B1EF1504600963DB9 /* ViewController.swift in Sources */,
				025316391EF1504600963DB9 /* AppDelegate.swift in Sources */,
			);
			runOnlyForDeploymentPostprocessing = 0;
		};
/* End PBXSourcesBuildPhase section */

/* Begin PBXVariantGroup section */
		0253163C1EF1504600963DB9 /* Main.storyboard */ = {
			isa = PBXVariantGroup;
			children = (
				0253163D1EF1504600963DB9 /* Base */,
			);
			name = Main.storyboard;
			sourceTree = "<group>";
		};
		025316411EF1504600963DB9 /* LaunchScreen.storyboard */ = {
			isa = PBXVariantGroup;
			children = (
				025316421EF1504600963DB9 /* Base */,
			);
			name = LaunchScreen.storyboard;
			sourceTree = "<group>";
		};
/* End PBXVariantGroup section */

/* Begin XCBuildConfiguration section */
		025316451EF1504600963DB9 /* Debug */ = {
			isa = XCBuildConfiguration;
			buildSettings = {
				ALWAYS_SEARCH_USER_PATHS = NO;
				CLANG_ANALYZER_NONNULL = YES;
				CLANG_ANALYZER_NUMBER_OBJECT_CONVERSION = YES_AGGRESSIVE;
				CLANG_CXX_LANGUAGE_STANDARD = "gnu++0x";
				CLANG_CXX_LIBRARY = "libc++";
				CLANG_ENABLE_MODULES = YES;
				CLANG_ENABLE_OBJC_ARC = YES;
				CLANG_WARN_BOOL_CONVERSION = YES;
				CLANG_WARN_CONSTANT_CONVERSION = YES;
				CLANG_WARN_DIRECT_OBJC_ISA_USAGE = YES_ERROR;
				CLANG_WARN_DOCUMENTATION_COMMENTS = YES;
				CLANG_WARN_EMPTY_BODY = YES;
				CLANG_WARN_ENUM_CONVERSION = YES;
				CLANG_WARN_INFINITE_RECURSION = YES;
				CLANG_WARN_INT_CONVERSION = YES;
				CLANG_WARN_OBJC_ROOT_CLASS = YES_ERROR;
				CLANG_WARN_SUSPICIOUS_MOVE = YES;
				CLANG_WARN_UNREACHABLE_CODE = YES;
				CLANG_WARN__DUPLICATE_METHOD_MATCH = YES;
				"CODE_SIGN_IDENTITY[sdk=iphoneos*]" = "iPhone Developer";
				COPY_PHASE_STRIP = NO;
				DEBUG_INFORMATION_FORMAT = dwarf;
				ENABLE_STRICT_OBJC_MSGSEND = YES;
				ENABLE_TESTABILITY = YES;
				GCC_C_LANGUAGE_STANDARD = gnu99;
				GCC_DYNAMIC_NO_PIC = NO;
				GCC_NO_COMMON_BLOCKS = YES;
				GCC_OPTIMIZATION_LEVEL = 0;
				GCC_PREPROCESSOR_DEFINITIONS = (
					"DEBUG=1",
					"$(inherited)",
				);
				GCC_WARN_64_TO_32_BIT_CONVERSION = YES;
				GCC_WARN_ABOUT_RETURN_TYPE = YES_ERROR;
				GCC_WARN_UNDECLARED_SELECTOR = YES;
				GCC_WARN_UNINITIALIZED_AUTOS = YES_AGGRESSIVE;
				GCC_WARN_UNUSED_FUNCTION = YES;
				GCC_WARN_UNUSED_VARIABLE = YES;
				IPHONEOS_DEPLOYMENT_TARGET = 10.3;
				MTL_ENABLE_DEBUG_INFO = YES;
				ONLY_ACTIVE_ARCH = YES;
				SDKROOT = iphoneos;
				SWIFT_ACTIVE_COMPILATION_CONDITIONS = DEBUG;
				SWIFT_OPTIMIZATION_LEVEL = "-Onone";
				TARGETED_DEVICE_FAMILY = "1,2";
			};
			name = Debug;
		};
		025316461EF1504600963DB9 /* Release */ = {
			isa = XCBuildConfiguration;
			buildSettings = {
				ALWAYS_SEARCH_USER_PATHS = NO;
				CLANG_ANALYZER_NONNULL = YES;
				CLANG_ANALYZER_NUMBER_OBJECT_CONVERSION = YES_AGGRESSIVE;
				CLANG_CXX_LANGUAGE_STANDARD = "gnu++0x";
				CLANG_CXX_LIBRARY = "libc++";
				CLANG_ENABLE_MODULES = YES;
				CLANG_ENABLE_OBJC_ARC = YES;
				CLANG_WARN_BOOL_CONVERSION = YES;
				CLANG_WARN_CONSTANT_CONVERSION = YES;
				CLANG_WARN_DIRECT_OBJC_ISA_USAGE = YES_ERROR;
				CLANG_WARN_DOCUMENTATION_COMMENTS = YES;
				CLANG_WARN_EMPTY_BODY = YES;
				CLANG_WARN_ENUM_CONVERSION = YES;
				CLANG_WARN_INFINITE_RECURSION = YES;
				CLANG_WARN_INT_CONVERSION = YES;
				CLANG_WARN_OBJC_ROOT_CLASS = YES_ERROR;
				CLANG_WARN_SUSPICIOUS_MOVE = YES;
				CLANG_WARN_UNREACHABLE_CODE = YES;
				CLANG_WARN__DUPLICATE_METHOD_MATCH = YES;
				"CODE_SIGN_IDENTITY[sdk=iphoneos*]" = "iPhone Developer";
				COPY_PHASE_STRIP = NO;
				DEBUG_INFORMATION_FORMAT = "dwarf-with-dsym";
				ENABLE_NS_ASSERTIONS = NO;
				ENABLE_STRICT_OBJC_MSGSEND = YES;
				GCC_C_LANGUAGE_STANDARD = gnu99;
				GCC_NO_COMMON_BLOCKS = YES;
				GCC_WARN_64_TO_32_BIT_CONVERSION = YES;
				GCC_WARN_ABOUT_RETURN_TYPE = YES_ERROR;
				GCC_WARN_UNDECLARED_SELECTOR = YES;
				GCC_WARN_UNINITIALIZED_AUTOS = YES_AGGRESSIVE;
				GCC_WARN_UNUSED_FUNCTION = YES;
				GCC_WARN_UNUSED_VARIABLE = YES;
				IPHONEOS_DEPLOYMENT_TARGET = 10.3;
				MTL_ENABLE_DEBUG_INFO = NO;
				SDKROOT = iphoneos;
				SWIFT_OPTIMIZATION_LEVEL = "-Owholemodule";
				TARGETED_DEVICE_FAMILY = "1,2";
				VALIDATE_PRODUCT = YES;
			};
			name = Release;
		};
		025316481EF1504600963DB9 /* Debug */ = {
			isa = XCBuildConfiguration;
			buildSettings = {
				ASSETCATALOG_COMPILER_APPICON_NAME = AppIcon;
				DEVELOPMENT_TEAM = 34262PW8FS;
				INFOPLIST_FILE = GPSSignal/Info.plist;
				LD_RUNPATH_SEARCH_PATHS = "$(inherited) @executable_path/Frameworks";
				PRODUCT_BUNDLE_IDENTIFIER = "com.iphone-applications2000.GPSSignal";
				PRODUCT_NAME = "$(TARGET_NAME)";
				SWIFT_VERSION = 3.0;
			};
			name = Debug;
		};
		025316491EF1504600963DB9 /* Release */ = {
			isa = XCBuildConfiguration;
			buildSettings = {
				ASSETCATALOG_COMPILER_APPICON_NAME = AppIcon;
				DEVELOPMENT_TEAM = 34262PW8FS;
				INFOPLIST_FILE = GPSSignal/Info.plist;
				LD_RUNPATH_SEARCH_PATHS = "$(inherited) @executable_path/Frameworks";
				PRODUCT_BUNDLE_IDENTIFIER = "com.iphone-applications2000.GPSSignal";
				PRODUCT_NAME = "$(TARGET_NAME)";
				SWIFT_VERSION = 3.0;
			};
			name = Release;
		};
/* End XCBuildConfiguration section */

/* Begin XCConfigurationList section */
		025316301EF1504600963DB9 /* Build configuration list for PBXProject "GPSSignal" */ = {
			isa = XCConfigurationList;
			buildConfigurations = (
				025316451EF1504600963DB9 /* Debug */,
				025316461EF1504600963DB9 /* Release */,
			);
			defaultConfigurationIsVisible = 0;
			defaultConfigurationName = Release;
		};
		025316471EF1504600963DB9 /* Build configuration list for PBXNativeTarget "GPSSignal" */ = {
			isa = XCConfigurationList;
			buildConfigurations = (
				025316481EF1504600963DB9 /* Debug */,
				025316491EF1504600963DB9 /* Release */,
			);
			defaultConfigurationIsVisible = 0;
		};
/* End XCConfigurationList section */
	};
	rootObject = 0253162D1EF1504600963DB9 /* Project object */;
}
